
Microsoft Visual Studio Solution File, Format Version 12.00
# Visual Studio Version 16
VisualStudioVersion = 16.0.31727.386
MinimumVisualStudioVersion = 10.0.40219.1
Project("{9A19103F-16F7-4668-BE54-9A1E7A4F7556}") = "DotNetCoreMVC", "DotNetCoreMVC\DotNetCoreMVC.csproj", "{ADA3C640-C040-4EC9-AB6A-8FA94C381FBA}"
EndProject
Project("{9A19103F-16F7-4668-BE54-9A1E7A4F7556}") = "IdentityServer", "IdentityServer\IdentityServer.csproj", "{EA08F288-1892-4DDC-9601-2E8F45CFC667}"
EndProject
Project("{9A19103F-16F7-4668-BE54-9A1E7A4F7556}") = "AnApi", "AnApi\AnApi.csproj", "{471B89B7-F073-4BE8-A089-4D9D797C75FA}"
EndProject
Project("{9A19103F-16F7-4668-BE54-9A1E7A4F7556}") = "DataAccess", "DataAccess\DataAccess.csproj", "{9759BFAA-EB36-4557-BB40-EF219BBED4CA}"
EndProject
Project("{FAE04EC0-301F-11D3-BF4B-00C04F79EFBC}") = "DotNetLearningTests", "DotNetLearningTests\DotNetLearningTests.csproj", "{421EA832-CB20-4B93-9219-1FC21ACE8986}"
EndProject
Global
	GlobalSection(SolutionConfigurationPlatforms) = preSolution
		Debug|Any CPU = Debug|Any CPU
		Release|Any CPU = Release|Any CPU
	EndGlobalSection
	GlobalSection(ProjectConfigurationPlatforms) = postSolution
		{ADA3C640-C040-4EC9-AB6A-8FA94C381FBA}.Debug|Any CPU.ActiveCfg = Debug|Any CPU
		{ADA3C640-C040-4EC9-AB6A-8FA94C381FBA}.Debug|Any CPU.Build.0 = Debug|Any CPU
		{ADA3C640-C040-4EC9-AB6A-8FA94C381FBA}.Release|Any CPU.ActiveCfg = Release|Any CPU
		{ADA3C640-C040-4EC9-AB6A-8FA94C381FBA}.Release|Any CPU.Build.0 = Release|Any CPU
		{EA08F288-1892-4DDC-9601-2E8F45CFC667}.Debug|Any CPU.ActiveCfg = Debug|Any CPU
		{EA08F288-1892-4DDC-9601-2E8F45CFC667}.Debug|Any CPU.Build.0 = Debug|Any CPU
		{EA08F288-1892-4DDC-9601-2E8F45CFC667}.Release|Any CPU.ActiveCfg = Release|Any CPU
		{EA08F288-1892-4DDC-9601-2E8F45CFC667}.Release|Any CPU.Build.0 = Release|Any CPU
		{471B89B7-F073-4BE8-A089-4D9D797C75FA}.Debug|Any CPU.ActiveCfg = Debug|Any CPU
		{471B89B7-F073-4BE8-A089-4D9D797C75FA}.Debug|Any CPU.Build.0 = Debug|Any CPU
		{471B89B7-F073-4BE8-A089-4D9D797C75FA}.Release|Any CPU.ActiveCfg = Release|Any CPU
		{471B89B7-F073-4BE8-A089-4D9D797C75FA}.Release|Any CPU.Build.0 = Release|Any CPU
		{9759BFAA-EB36-4557-BB40-EF219BBED4CA}.Debug|Any CPU.ActiveCfg = Debug|Any CPU
		{9759BFAA-EB36-4557-BB40-EF219BBED4CA}.Debug|Any CPU.Build.0 = Debug|Any CPU
		{9759BFAA-EB36-4557-BB40-EF219BBED4CA}.Release|Any CPU.ActiveCfg = Release|Any CPU
		{9759BFAA-EB36-4557-BB40-EF219BBED4CA}.Release|Any CPU.Build.0 = Release|Any CPU
		{421EA832-CB20-4B93-9219-1FC21ACE8986}.Debug|Any CPU.ActiveCfg = Debug|Any CPU
		{421EA832-CB20-4B93-9219-1FC21ACE8986}.Debug|Any CPU.Build.0 = Debug|Any CPU
		{421EA832-CB20-4B93-9219-1FC21ACE8986}.Release|Any CPU.ActiveCfg = Release|Any CPU
		{421EA832-CB20-4B93-9219-1FC21ACE8986}.Release|Any CPU.Build.0 = Release|Any CPU
	EndGlobalSection
	GlobalSection(SolutionProperties) = preSolution
		HideSolutionNode = FALSE
	EndGlobalSection
	GlobalSection(ExtensibilityGlobals) = postSolution
		SolutionGuid = {0D490042-3217-4CA0-902C-139F10C50ABE}
	EndGlobalSection
EndGlobal
